
Microsoft Visual Studio Solution File, Format Version 12.00
# Visual Studio Version 16
VisualStudioVersion = 16.0.32002.261
MinimumVisualStudioVersion = 10.0.40219.1
Project("{FAE04EC0-301F-11D3-BF4B-00C04F79EFBC}") = "Programming", "Programming\Programming.csproj", "{9DE59669-7686-4932-BD89-841097E39D39}"
EndProject
Global
	GlobalSection(SolutionConfigurationPlatforms) = preSolution
		Debug|Any CPU = Debug|Any CPU
		Release|Any CPU = Release|Any CPU
	EndGlobalSection
	GlobalSection(ProjectConfigurationPlatforms) = postSolution
		{9DE59669-7686-4932-BD89-841097E39D39}.Debug|Any CPU.ActiveCfg = Debug|Any CPU
		{9DE59669-7686-4932-BD89-841097E39D39}.Debug|Any CPU.Build.0 = Debug|Any CPU
		{9DE59669-7686-4932-BD89-841097E39D39}.Release|Any CPU.ActiveCfg = Release|Any CPU
		{9DE59669-7686-4932-BD89-841097E39D39}.Release|Any CPU.Build.0 = Release|Any CPU
	EndGlobalSection
	GlobalSection(SolutionProperties) = preSolution
		HideSolutionNode = FALSE
	EndGlobalSection
	GlobalSection(ExtensibilityGlobals) = postSolution
		SolutionGuid = {624B0752-67B7-46D2-9373-1CBA4D5A0749}
	EndGlobalSection
EndGlobal
