
Microsoft Visual Studio Solution File, Format Version 12.00
# Visual Studio Version 16
VisualStudioVersion = 16.0.32002.261
MinimumVisualStudioVersion = 10.0.40219.1
Project("{FAE04EC0-301F-11D3-BF4B-00C04F79EFBC}") = "Static_class", "Static_class\Static_class.csproj", "{829DF98F-6950-4587-9C08-05BE4BAC3995}"
EndProject
Global
	GlobalSection(SolutionConfigurationPlatforms) = preSolution
		Debug|Any CPU = Debug|Any CPU
		Release|Any CPU = Release|Any CPU
	EndGlobalSection
	GlobalSection(ProjectConfigurationPlatforms) = postSolution
		{829DF98F-6950-4587-9C08-05BE4BAC3995}.Debug|Any CPU.ActiveCfg = Debug|Any CPU
		{829DF98F-6950-4587-9C08-05BE4BAC3995}.Debug|Any CPU.Build.0 = Debug|Any CPU
		{829DF98F-6950-4587-9C08-05BE4BAC3995}.Release|Any CPU.ActiveCfg = Release|Any CPU
		{829DF98F-6950-4587-9C08-05BE4BAC3995}.Release|Any CPU.Build.0 = Release|Any CPU
	EndGlobalSection
	GlobalSection(SolutionProperties) = preSolution
		HideSolutionNode = FALSE
	EndGlobalSection
	GlobalSection(ExtensibilityGlobals) = postSolution
		SolutionGuid = {D1E41C45-9136-48CC-B04F-18C2D3EBCCD1}
	EndGlobalSection
EndGlobal
