
Microsoft Visual Studio Solution File, Format Version 12.00
# Visual Studio Version 16
VisualStudioVersion = 16.0.32002.261
MinimumVisualStudioVersion = 10.0.40219.1
Project("{FAE04EC0-301F-11D3-BF4B-00C04F79EFBC}") = "ArrayExercise1", "ArrayExercise1\ArrayExercise1.csproj", "{D91308B4-FC5F-4FE7-8131-E28D71703179}"
EndProject
Global
	GlobalSection(SolutionConfigurationPlatforms) = preSolution
		Debug|Any CPU = Debug|Any CPU
		Release|Any CPU = Release|Any CPU
	EndGlobalSection
	GlobalSection(ProjectConfigurationPlatforms) = postSolution
		{D91308B4-FC5F-4FE7-8131-E28D71703179}.Debug|Any CPU.ActiveCfg = Debug|Any CPU
		{D91308B4-FC5F-4FE7-8131-E28D71703179}.Debug|Any CPU.Build.0 = Debug|Any CPU
		{D91308B4-FC5F-4FE7-8131-E28D71703179}.Release|Any CPU.ActiveCfg = Release|Any CPU
		{D91308B4-FC5F-4FE7-8131-E28D71703179}.Release|Any CPU.Build.0 = Release|Any CPU
	EndGlobalSection
	GlobalSection(SolutionProperties) = preSolution
		HideSolutionNode = FALSE
	EndGlobalSection
	GlobalSection(ExtensibilityGlobals) = postSolution
		SolutionGuid = {BDE44087-7FD5-4A71-9915-02DD7F7CE234}
	EndGlobalSection
EndGlobal
